
Microsoft Visual Studio Solution File, Format Version 12.00
# Visual Studio 2013
VisualStudioVersion = 12.0.31101.0
MinimumVisualStudioVersion = 10.0.40219.1
Project("{FAE04EC0-301F-11D3-BF4B-00C04F79EFBC}") = "SportsStore.Domain", "SportsStore.Domain\SportsStore.Domain.csproj", "{D9DAD243-7F66-46F8-945C-4FF57225F72E}"
EndProject
Project("{FAE04EC0-301F-11D3-BF4B-00C04F79EFBC}") = "SportsStore.WebUI", "SportsStore.WebUI\SportsStore.WebUI.csproj", "{5F42DA13-4B1B-44C8-B922-90645EC51194}"
EndProject
Project("{FAE04EC0-301F-11D3-BF4B-00C04F79EFBC}") = "SportsStore.UnitTests", "SportsStore.UnitTests\SportsStore.UnitTests.csproj", "{0F47116E-FC78-43E8-A4A9-2186B528D12B}"
EndProject
Global
	GlobalSection(SolutionConfigurationPlatforms) = preSolution
		Debug|Any CPU = Debug|Any CPU
		Release|Any CPU = Release|Any CPU
	EndGlobalSection
	GlobalSection(ProjectConfigurationPlatforms) = postSolution
		{D9DAD243-7F66-46F8-945C-4FF57225F72E}.Debug|Any CPU.ActiveCfg = Debug|Any CPU
		{D9DAD243-7F66-46F8-945C-4FF57225F72E}.Debug|Any CPU.Build.0 = Debug|Any CPU
		{D9DAD243-7F66-46F8-945C-4FF57225F72E}.Release|Any CPU.ActiveCfg = Release|Any CPU
		{D9DAD243-7F66-46F8-945C-4FF57225F72E}.Release|Any CPU.Build.0 = Release|Any CPU
		{5F42DA13-4B1B-44C8-B922-90645EC51194}.Debug|Any CPU.ActiveCfg = Debug|Any CPU
		{5F42DA13-4B1B-44C8-B922-90645EC51194}.Debug|Any CPU.Build.0 = Debug|Any CPU
		{5F42DA13-4B1B-44C8-B922-90645EC51194}.Release|Any CPU.ActiveCfg = Release|Any CPU
		{5F42DA13-4B1B-44C8-B922-90645EC51194}.Release|Any CPU.Build.0 = Release|Any CPU
		{0F47116E-FC78-43E8-A4A9-2186B528D12B}.Debug|Any CPU.ActiveCfg = Debug|Any CPU
		{0F47116E-FC78-43E8-A4A9-2186B528D12B}.Debug|Any CPU.Build.0 = Debug|Any CPU
		{0F47116E-FC78-43E8-A4A9-2186B528D12B}.Release|Any CPU.ActiveCfg = Release|Any CPU
		{0F47116E-FC78-43E8-A4A9-2186B528D12B}.Release|Any CPU.Build.0 = Release|Any CPU
	EndGlobalSection
	GlobalSection(SolutionProperties) = preSolution
		HideSolutionNode = FALSE
	EndGlobalSection
EndGlobal
